{
  "name": "@r3ps4j/i18next-cfx-backend",
  "version": "1.0.0",
  "lockfileVersion": 3,
  "requires": true,
  "packages": {
    "": {
      "name": "@r3ps4j/i18next-cfx-backend",
      "version": "1.0.0",
      "license": "LGPL-3.0-or-later",
      "dependencies": {
        "i18next": "^23.2.11"
      },
      "devDependencies": {
        "@citizenfx/client": "^2.0.6551-1",
        "typescript": "^5.1.6"
      }
    },
    "node_modules/@babel/runtime": {
      "version": "7.22.6",
      "resolved": "https://registry.npmjs.org/@babel/runtime/-/runtime-7.22.6.tgz",
      "integrity": "sha512-wDb5pWm4WDdF6LFUde3Jl8WzPA+3ZbxYqkC6xAXuD3irdEHN1k0NfTRrJD8ZD378SJ61miMLCqIOXYhd8x+AJQ==",
      "dependencies": {
        "regenerator-runtime": "^0.13.11"
      },
      "engines": {
        "node": ">=6.9.0"
      }
    },
    "node_modules/@citizenfx/client": {
      "version": "2.0.6551-1",
      "resolved": "https://registry.npmjs.org/@citizenfx/client/-/client-2.0.6551-1.tgz",
      "integrity": "sha512-wylWhpn2nE5dwP3Oyw/ZNIyRxQzerRgghZMZ6t4D4dco8DerNbdi/FUeV6Qq9d0/7IhSS+GlpEXm/HpHTs+85w==",
      "dev": true
    },
    "node_modules/i18next": {
      "version": "23.2.11",
      "resolved": "https://registry.npmjs.org/i18next/-/i18next-23.2.11.tgz",
      "integrity": "sha512-MA4FsxOjyCaOZtRDB4yuwjCvqYEioD4G4LlXOn7SO3rnQUlxTufyLsOqfL9MKakeLRBkefe8bqcs0D6Z/xFk1w==",
      "funding": [
        {
          "type": "individual",
          "url": "https://locize.com"
        },
        {
          "type": "individual",
          "url": "https://locize.com/i18next.html"
        },
        {
          "type": "individual",
          "url": "https://www.i18next.com/how-to/faq#i18next-is-awesome.-how-can-i-support-the-project"
        }
      ],
      "dependencies": {
        "@babel/runtime": "^7.22.5"
      }
    },
    "node_modules/regenerator-runtime": {
      "version": "0.13.11",
      "resolved": "https://registry.npmjs.org/regenerator-runtime/-/regenerator-runtime-0.13.11.tgz",
      "integrity": "sha512-kY1AZVr2Ra+t+piVaJ4gxaFaReZVH40AKNo7UCX6W+dEwBo/2oZJzqfuN1qLq1oL45o56cPaTXELwrTh8Fpggg=="
    },
    "node_modules/typescript": {
      "version": "5.1.6",
      "resolved": "https://registry.npmjs.org/typescript/-/typescript-5.1.6.tgz",
      "integrity": "sha512-zaWCozRZ6DLEWAWFrVDz1H6FVXzUSfTy5FUMWsQlU8Ym5JP9eO4xkTIROFCQvhQf61z6O/G6ugw3SgAnvvm+HA==",
      "dev": true,
      "bin": {
        "tsc": "bin/tsc",
        "tsserver": "bin/tsserver"
      },
      "engines": {
        "node": ">=14.17"
      }
    }
  }
}
